
Microsoft Visual Studio Solution File, Format Version 12.00
# Visual Studio Version 16
VisualStudioVersion = 16.0.29905.134
MinimumVisualStudioVersion = 10.0.40219.1
Project("{FAE04EC0-301F-11D3-BF4B-00C04F79EFBC}") = "APICrud", "APICrud\APICrud.csproj", "{A1BEA251-F20E-4C65-91D3-DE874C86DFBB}"
EndProject
Global
	GlobalSection(SolutionConfigurationPlatforms) = preSolution
		Debug|Any CPU = Debug|Any CPU
		Release|Any CPU = Release|Any CPU
	EndGlobalSection
	GlobalSection(ProjectConfigurationPlatforms) = postSolution
		{A1BEA251-F20E-4C65-91D3-DE874C86DFBB}.Debug|Any CPU.ActiveCfg = Debug|Any CPU
		{A1BEA251-F20E-4C65-91D3-DE874C86DFBB}.Debug|Any CPU.Build.0 = Debug|Any CPU
		{A1BEA251-F20E-4C65-91D3-DE874C86DFBB}.Release|Any CPU.ActiveCfg = Release|Any CPU
		{A1BEA251-F20E-4C65-91D3-DE874C86DFBB}.Release|Any CPU.Build.0 = Release|Any CPU
	EndGlobalSection
	GlobalSection(SolutionProperties) = preSolution
		HideSolutionNode = FALSE
	EndGlobalSection
	GlobalSection(ExtensibilityGlobals) = postSolution
		SolutionGuid = {44D3A765-C0F8-4953-98DB-06AA93EA9A67}
	EndGlobalSection
EndGlobal
